Microsoft Visual Studio Solution File, Format Version 12.00
# Visual Studio Version 17
VisualStudioVersion = 17.5.2.0
MinimumVisualStudioVersion = 10.0.40219.1
Project("{FAE04EC0-301F-11D3-BF4B-00C04F79EFBC}") = "ServerAPI", "ServerAPI\ServerAPI.csproj", "{418D8E9E-6DB7-92B7-0263-3B5BBA915744}"
EndProject
Global
	GlobalSection(SolutionConfigurationPlatforms) = preSolution
		Debug|Any CPU = Debug|Any CPU
		Release|Any CPU = Release|Any CPU
	EndGlobalSection
	GlobalSection(ProjectConfigurationPlatforms) = postSolution
		{418D8E9E-6DB7-92B7-0263-3B5BBA915744}.Debug|Any CPU.ActiveCfg = Debug|Any CPU
		{418D8E9E-6DB7-92B7-0263-3B5BBA915744}.Debug|Any CPU.Build.0 = Debug|Any CPU
		{418D8E9E-6DB7-92B7-0263-3B5BBA915744}.Release|Any CPU.ActiveCfg = Release|Any CPU
		{418D8E9E-6DB7-92B7-0263-3B5BBA915744}.Release|Any CPU.Build.0 = Release|Any CPU
	EndGlobalSection
	GlobalSection(SolutionProperties) = preSolution
		HideSolutionNode = FALSE
	EndGlobalSection
	GlobalSection(ExtensibilityGlobals) = postSolution
		SolutionGuid = {BDA9DEDC-1648-4B78-8FB2-38254B6BCC38}
	EndGlobalSection
EndGlobal
